
Microsoft Visual Studio Solution File, Format Version 12.00
# Visual Studio Version 16
VisualStudioVersion = 16.0.30621.155
MinimumVisualStudioVersion = 10.0.40219.1
Project("{FAE04EC0-301F-11D3-BF4B-00C04F79EFBC}") = "mstat", "mstat\mstat.csproj", "{0D8786D4-5EB4-4E98-865C-1D7BC8722B63}"
EndProject
Global
	GlobalSection(SolutionConfigurationPlatforms) = preSolution
		Debug|Any CPU = Debug|Any CPU
		Release|Any CPU = Release|Any CPU
	EndGlobalSection
	GlobalSection(ProjectConfigurationPlatforms) = postSolution
		{0D8786D4-5EB4-4E98-865C-1D7BC8722B63}.Debug|Any CPU.ActiveCfg = Debug|Any CPU
		{0D8786D4-5EB4-4E98-865C-1D7BC8722B63}.Debug|Any CPU.Build.0 = Debug|Any CPU
		{0D8786D4-5EB4-4E98-865C-1D7BC8722B63}.Release|Any CPU.ActiveCfg = Release|Any CPU
		{0D8786D4-5EB4-4E98-865C-1D7BC8722B63}.Release|Any CPU.Build.0 = Release|Any CPU
	EndGlobalSection
	GlobalSection(SolutionProperties) = preSolution
		HideSolutionNode = FALSE
	EndGlobalSection
	GlobalSection(ExtensibilityGlobals) = postSolution
		SolutionGuid = {37848659-F46E-4C27-AD13-8E1B44C2FD27}
	EndGlobalSection
EndGlobal
